
Microsoft Visual Studio Solution File, Format Version 12.00
# Visual Studio Version 17
VisualStudioVersion = 17.5.33516.290
MinimumVisualStudioVersion = 10.0.40219.1
Project("{FAE04EC0-301F-11D3-BF4B-00C04F79EFBC}") = "WebApp", "WebApp\WebApp.csproj", "{B0D3FA3E-8E02-4AE2-8181-9C120C66EFD1}"
EndProject
Global
	GlobalSection(SolutionConfigurationPlatforms) = preSolution
		Debug|Any CPU = Debug|Any CPU
		Release|Any CPU = Release|Any CPU
	EndGlobalSection
	GlobalSection(ProjectConfigurationPlatforms) = postSolution
		{B0D3FA3E-8E02-4AE2-8181-9C120C66EFD1}.Debug|Any CPU.ActiveCfg = Debug|Any CPU
		{B0D3FA3E-8E02-4AE2-8181-9C120C66EFD1}.Debug|Any CPU.Build.0 = Debug|Any CPU
		{B0D3FA3E-8E02-4AE2-8181-9C120C66EFD1}.Release|Any CPU.ActiveCfg = Release|Any CPU
		{B0D3FA3E-8E02-4AE2-8181-9C120C66EFD1}.Release|Any CPU.Build.0 = Release|Any CPU
	EndGlobalSection
	GlobalSection(SolutionProperties) = preSolution
		HideSolutionNode = FALSE
	EndGlobalSection
	GlobalSection(ExtensibilityGlobals) = postSolution
		SolutionGuid = {43F49107-FFC4-4B01-8237-D9BBCF4BFA7C}
	EndGlobalSection
EndGlobal
